
Microsoft Visual Studio Solution File, Format Version 12.00
# Visual Studio Version 17
VisualStudioVersion = 17.1.32210.238
MinimumVisualStudioVersion = 10.0.40219.1
Project("{FAE04EC0-301F-11D3-BF4B-00C04F79EFBC}") = "ProjetoTeste", "ProjetoTeste\ProjetoTeste.csproj", "{5EF7B25F-7C52-4103-B6D9-C9824346D3AF}"
EndProject
Project("{FAE04EC0-301F-11D3-BF4B-00C04F79EFBC}") = "TesteMSTest", "TesteMSTest\TesteMSTest.csproj", "{AFCA1234-65C5-456E-8D1B-008F3CB058D3}"
EndProject
Project("{FAE04EC0-301F-11D3-BF4B-00C04F79EFBC}") = "TestXUnit", "TestXUnit\TestXUnit.csproj", "{C813A048-CF9B-46F1-9DF5-EAFEB267421B}"
EndProject
Global
	GlobalSection(SolutionConfigurationPlatforms) = preSolution
		Debug|Any CPU = Debug|Any CPU
		Release|Any CPU = Release|Any CPU
	EndGlobalSection
	GlobalSection(ProjectConfigurationPlatforms) = postSolution
		{5EF7B25F-7C52-4103-B6D9-C9824346D3AF}.Debug|Any CPU.ActiveCfg = Debug|Any CPU
		{5EF7B25F-7C52-4103-B6D9-C9824346D3AF}.Debug|Any CPU.Build.0 = Debug|Any CPU
		{5EF7B25F-7C52-4103-B6D9-C9824346D3AF}.Release|Any CPU.ActiveCfg = Release|Any CPU
		{5EF7B25F-7C52-4103-B6D9-C9824346D3AF}.Release|Any CPU.Build.0 = Release|Any CPU
		{AFCA1234-65C5-456E-8D1B-008F3CB058D3}.Debug|Any CPU.ActiveCfg = Debug|Any CPU
		{AFCA1234-65C5-456E-8D1B-008F3CB058D3}.Debug|Any CPU.Build.0 = Debug|Any CPU
		{AFCA1234-65C5-456E-8D1B-008F3CB058D3}.Release|Any CPU.ActiveCfg = Release|Any CPU
		{AFCA1234-65C5-456E-8D1B-008F3CB058D3}.Release|Any CPU.Build.0 = Release|Any CPU
		{C813A048-CF9B-46F1-9DF5-EAFEB267421B}.Debug|Any CPU.ActiveCfg = Debug|Any CPU
		{C813A048-CF9B-46F1-9DF5-EAFEB267421B}.Debug|Any CPU.Build.0 = Debug|Any CPU
		{C813A048-CF9B-46F1-9DF5-EAFEB267421B}.Release|Any CPU.ActiveCfg = Release|Any CPU
		{C813A048-CF9B-46F1-9DF5-EAFEB267421B}.Release|Any CPU.Build.0 = Release|Any CPU
	EndGlobalSection
	GlobalSection(SolutionProperties) = preSolution
		HideSolutionNode = FALSE
	EndGlobalSection
	GlobalSection(ExtensibilityGlobals) = postSolution
		SolutionGuid = {9AB19413-A60D-462A-A15F-A1B3B3E7B653}
	EndGlobalSection
EndGlobal
